# This file is automatically @generated by Cargo.
# It is not intended for manual editing.
version = 3

[[package]]
name = "appgui"
version = "0.1.0"
dependencies = [
 "diesel",
 "dotenv",
 "fltk",
 "fltk-table",
 "serde",
 "serde_json",
 "uuid",
]

[[package]]
name = "bitflags"
version = "2.2.1"
source = "registry+https://github.com/rust-lang/crates.io-index"
checksum = "24a6904aef64d73cf10ab17ebace7befb918b82164785cb89907993be7f83813"

[[package]]
name = "cc"
version = "1.0.79"
source = "registry+https://github.com/rust-lang/crates.io-index"
checksum = "50d30906286121d95be3d479533b458f87493b30a4b5f79a607db8f5d11aa91f"

[[package]]
name = "cfg-if"
version = "1.0.0"
source = "registry+https://github.com/rust-lang/crates.io-index"
checksum = "baf1de4339761588bc0619e3cbc0120ee582ebb74b53b4efbf79117bd2da40fd"

[[package]]
name = "cmake"
version = "0.1.50"
source = "registry+https://github.com/rust-lang/crates.io-index"
checksum = "a31c789563b815f77f4250caee12365734369f942439b7defd71e18a48197130"
dependencies = [
 "cc",
]

[[package]]
name = "crossbeam-channel"
version = "0.5.8"
source = "registry+https://github.com/rust-lang/crates.io-index"
checksum = "a33c2bf77f2df06183c3aa30d1e96c0695a313d4f9c453cc3762a6db39f99200"
dependencies = [
 "cfg-if",
 "crossbeam-utils",
]

[[package]]
name = "crossbeam-utils"
version = "0.8.15"
source = "registry+https://github.com/rust-lang/crates.io-index"
checksum = "3c063cd8cc95f5c377ed0d4b49a4b21f632396ff690e8470c29b3359b346984b"
dependencies = [
 "cfg-if",
]

[[package]]
name = "diesel"
version = "2.0.4"
source = "registry+https://github.com/rust-lang/crates.io-index"
checksum = "72eb77396836a4505da85bae0712fa324b74acfe1876d7c2f7e694ef3d0ee373"
dependencies = [
 "diesel_derives",
 "libsqlite3-sys",
]

[[package]]
name = "diesel_derives"
version = "2.0.2"
source = "registry+https://github.com/rust-lang/crates.io-index"
checksum = "0ad74fdcf086be3d4fdd142f67937678fe60ed431c3b2f08599e7687269410c4"
dependencies = [
 "proc-macro-error",
 "proc-macro2",
 "quote",
 "syn 1.0.109",
]

[[package]]
name = "dotenv"
version = "0.15.0"
source = "registry+https://github.com/rust-lang/crates.io-index"
checksum = "77c90badedccf4105eca100756a0b1289e191f6fcbdadd3cee1d2f614f97da8f"

[[package]]
name = "fltk"
version = "1.4.3"
source = "registry+https://github.com/rust-lang/crates.io-index"
checksum = "9aaf7cacace3db3d685f447f54b69fdc73c757fac0a00b5d965c4592e01de343"
dependencies = [
 "bitflags",
 "crossbeam-channel",
 "fltk-sys",
 "paste",
 "ttf-parser",
]

[[package]]
name = "fltk-sys"
version = "1.4.3"
source = "registry+https://github.com/rust-lang/crates.io-index"
checksum = "f4e06030256cc3edd00bfc01f5730a2ec08bf16086be01721d67980f753ac2db"
dependencies = [
 "cmake",
]

[[package]]
name = "fltk-table"
version = "0.3.0"
source = "registry+https://github.com/rust-lang/crates.io-index"
checksum = "c86ecc369366f119c8ec301412df56b56c945145ddb406693b28d00ef429b286"
dependencies = [
 "fltk",
]

[[package]]
name = "itoa"
version = "1.0.6"
source = "registry+https://github.com/rust-lang/crates.io-index"
checksum = "453ad9f582a441959e5f0d088b02ce04cfe8d51a8eaf077f12ac6d3e94164ca6"

[[package]]
name = "libsqlite3-sys"
version = "0.26.0"
source = "registry+https://github.com/rust-lang/crates.io-index"
checksum = "afc22eff61b133b115c6e8c74e818c628d6d5e7a502afea6f64dee076dd94326"
dependencies = [
 "pkg-config",
 "vcpkg",
]

[[package]]
name = "paste"
version = "1.0.12"
source = "registry+https://github.com/rust-lang/crates.io-index"
checksum = "9f746c4065a8fa3fe23974dd82f15431cc8d40779821001404d10d2e79ca7d79"

[[package]]
name = "pkg-config"
version = "0.3.27"
source = "registry+https://github.com/rust-lang/crates.io-index"
checksum = "26072860ba924cbfa98ea39c8c19b4dd6a4a25423dbdf219c1eca91aa0cf6964"

[[package]]
name = "proc-macro-error"
version = "1.0.4"
source = "registry+https://github.com/rust-lang/crates.io-index"
checksum = "da25490ff9892aab3fcf7c36f08cfb902dd3e71ca0f9f9517bea02a73a5ce38c"
dependencies = [
 "proc-macro-error-attr",
 "proc-macro2",
 "quote",
 "syn 1.0.109",
 "version_check",
]

[[package]]
name = "proc-macro-error-attr"
version = "1.0.4"
source = "registry+https://github.com/rust-lang/crates.io-index"
checksum = "a1be40180e52ecc98ad80b184934baf3d0d29f979574e439af5a55274b35f869"
dependencies = [
 "proc-macro2",
 "quote",
 "version_check",
]

[[package]]
name = "proc-macro2"
version = "1.0.56"
source = "registry+https://github.com/rust-lang/crates.io-index"
checksum = "2b63bdb0cd06f1f4dedf69b254734f9b45af66e4a031e42a7480257d9898b435"
dependencies = [
 "unicode-ident",
]

[[package]]
name = "quote"
version = "1.0.27"
source = "registry+https://github.com/rust-lang/crates.io-index"
checksum = "8f4f29d145265ec1c483c7c654450edde0bfe043d3938d6972630663356d9500"
dependencies = [
 "proc-macro2",
]

[[package]]
name = "ryu"
version = "1.0.13"
source = "registry+https://github.com/rust-lang/crates.io-index"
checksum = "f91339c0467de62360649f8d3e185ca8de4224ff281f66000de5eb2a77a79041"

[[package]]
name = "serde"
version = "1.0.162"
source = "registry+https://github.com/rust-lang/crates.io-index"
checksum = "71b2f6e1ab5c2b98c05f0f35b236b22e8df7ead6ffbf51d7808da7f8817e7ab6"
dependencies = [
 "serde_derive",
]

[[package]]
name = "serde_derive"
version = "1.0.162"
source = "registry+https://github.com/rust-lang/crates.io-index"
checksum = "a2a0814352fd64b58489904a44ea8d90cb1a91dcb6b4f5ebabc32c8318e93cb6"
dependencies = [
 "proc-macro2",
 "quote",
 "syn 2.0.15",
]

[[package]]
name = "serde_json"
version = "1.0.96"
source = "registry+https://github.com/rust-lang/crates.io-index"
checksum = "057d394a50403bcac12672b2b18fb387ab6d289d957dab67dd201875391e52f1"
dependencies = [
 "itoa",
 "ryu",
 "serde",
]

[[package]]
name = "syn"
version = "1.0.109"
source = "registry+https://github.com/rust-lang/crates.io-index"
checksum = "72b64191b275b66ffe2469e8af2c1cfe3bafa67b529ead792a6d0160888b4237"
dependencies = [
 "proc-macro2",
 "quote",
 "unicode-ident",
]

[[package]]
name = "syn"
version = "2.0.15"
source = "registry+https://github.com/rust-lang/crates.io-index"
checksum = "a34fcf3e8b60f57e6a14301a2e916d323af98b0ea63c599441eec8558660c822"
dependencies = [
 "proc-macro2",
 "quote",
 "unicode-ident",
]

[[package]]
name = "ttf-parser"
version = "0.19.0"
source = "registry+https://github.com/rust-lang/crates.io-index"
checksum = "44dcf002ae3b32cd25400d6df128c5babec3927cd1eb7ce813cfff20eb6c3746"

[[package]]
name = "unicode-ident"
version = "1.0.8"
source = "registry+https://github.com/rust-lang/crates.io-index"
checksum = "e5464a87b239f13a63a501f2701565754bae92d243d4bb7eb12f6d57d2269bf4"

[[package]]
name = "uuid"
version = "1.3.2"
source = "registry+https://github.com/rust-lang/crates.io-index"
checksum = "4dad5567ad0cf5b760e5665964bec1b47dfd077ba8a2544b513f3556d3d239a2"

[[package]]
name = "vcpkg"
version = "0.2.15"
source = "registry+https://github.com/rust-lang/crates.io-index"
checksum = "accd4ea62f7bb7a82fe23066fb0957d48ef677f6eeb8215f372f52e48bb32426"

[[package]]
name = "version_check"
version = "0.9.4"
source = "registry+https://github.com/rust-lang/crates.io-index"
checksum = "49874b5167b65d7193b8aba1567f5c7d93d001cafc34600cee003eda787e483f"
